
Microsoft Visual Studio Solution File, Format Version 12.00
# Visual Studio Version 16
VisualStudioVersion = 16.0.31205.134
MinimumVisualStudioVersion = 10.0.40219.1
Project("{FAE04EC0-301F-11D3-BF4B-00C04F79EFBC}") = "TestCase", "TestCase\TestCase.csproj", "{E8CBC1C6-A68B-4711-AD87-40E3C31AABF4}"
EndProject
Project("{FAE04EC0-301F-11D3-BF4B-00C04F79EFBC}") = "TestCaseTests", "TestCaseTests\TestCaseTests.csproj", "{FB5584E3-382D-4394-B8FB-B09E6E6293F8}"
EndProject
Global
	GlobalSection(SolutionConfigurationPlatforms) = preSolution
		Debug|Any CPU = Debug|Any CPU
		Release|Any CPU = Release|Any CPU
	EndGlobalSection
	GlobalSection(ProjectConfigurationPlatforms) = postSolution
		{E8CBC1C6-A68B-4711-AD87-40E3C31AABF4}.Debug|Any CPU.ActiveCfg = Debug|Any CPU
		{E8CBC1C6-A68B-4711-AD87-40E3C31AABF4}.Debug|Any CPU.Build.0 = Debug|Any CPU
		{E8CBC1C6-A68B-4711-AD87-40E3C31AABF4}.Release|Any CPU.ActiveCfg = Release|Any CPU
		{E8CBC1C6-A68B-4711-AD87-40E3C31AABF4}.Release|Any CPU.Build.0 = Release|Any CPU
		{FB5584E3-382D-4394-B8FB-B09E6E6293F8}.Debug|Any CPU.ActiveCfg = Debug|Any CPU
		{FB5584E3-382D-4394-B8FB-B09E6E6293F8}.Debug|Any CPU.Build.0 = Debug|Any CPU
		{FB5584E3-382D-4394-B8FB-B09E6E6293F8}.Release|Any CPU.ActiveCfg = Release|Any CPU
		{FB5584E3-382D-4394-B8FB-B09E6E6293F8}.Release|Any CPU.Build.0 = Release|Any CPU
	EndGlobalSection
	GlobalSection(SolutionProperties) = preSolution
		HideSolutionNode = FALSE
	EndGlobalSection
	GlobalSection(ExtensibilityGlobals) = postSolution
		SolutionGuid = {22CC00E2-2468-4D43-BA3B-231D8576D6F2}
	EndGlobalSection
EndGlobal
